
Microsoft Visual Studio Solution File, Format Version 12.00
# Visual Studio Version 17
VisualStudioVersion = 17.11.35219.272
MinimumVisualStudioVersion = 10.0.40219.1
Project("{FAE04EC0-301F-11D3-BF4B-00C04F79EFBC}") = "Server", "Server\Server.csproj", "{FBEBC7FD-B58D-4653-8547-63F6AA29B7CE}"
EndProject
Project("{FAE04EC0-301F-11D3-BF4B-00C04F79EFBC}") = "Client", "Client\Client.csproj", "{0F0B1A15-68C5-4040-AD95-E82AAC0B6181}"
EndProject
Global
	GlobalSection(SolutionConfigurationPlatforms) = preSolution
		Debug|Any CPU = Debug|Any CPU
		Release|Any CPU = Release|Any CPU
	EndGlobalSection
	GlobalSection(ProjectConfigurationPlatforms) = postSolution
		{FBEBC7FD-B58D-4653-8547-63F6AA29B7CE}.Debug|Any CPU.ActiveCfg = Debug|Any CPU
		{FBEBC7FD-B58D-4653-8547-63F6AA29B7CE}.Debug|Any CPU.Build.0 = Debug|Any CPU
		{FBEBC7FD-B58D-4653-8547-63F6AA29B7CE}.Release|Any CPU.ActiveCfg = Release|Any CPU
		{FBEBC7FD-B58D-4653-8547-63F6AA29B7CE}.Release|Any CPU.Build.0 = Release|Any CPU
		{0F0B1A15-68C5-4040-AD95-E82AAC0B6181}.Debug|Any CPU.ActiveCfg = Debug|Any CPU
		{0F0B1A15-68C5-4040-AD95-E82AAC0B6181}.Debug|Any CPU.Build.0 = Debug|Any CPU
		{0F0B1A15-68C5-4040-AD95-E82AAC0B6181}.Release|Any CPU.ActiveCfg = Release|Any CPU
		{0F0B1A15-68C5-4040-AD95-E82AAC0B6181}.Release|Any CPU.Build.0 = Release|Any CPU
	EndGlobalSection
	GlobalSection(SolutionProperties) = preSolution
		HideSolutionNode = FALSE
	EndGlobalSection
	GlobalSection(ExtensibilityGlobals) = postSolution
		SolutionGuid = {002F4AEF-6C92-4A06-BE65-FD29E051F0A0}
	EndGlobalSection
EndGlobal
